PODS:
  - BothamNetworking (4.0.0):
    - Result (= 4.1.0)
  - Nimble (7.3.2)
  - Nocilla (0.11.0)
  - Result (4.1.0)

DEPENDENCIES:
  - BothamNetworking (from `https://github.com/Karumi/BothamNetworking.git`, branch `update-master`)
  - Nimble (= 7.3.2)
  - Nocilla (~> 0.11.0)

SPEC REPOS:
  https://github.com/cocoapods/specs.git:
    - Nimble
    - Nocilla
    - Result

EXTERNAL SOURCES:
  BothamNetworking:
    :branch: update-master
    :git: https://github.com/Karumi/BothamNetworking.git

CHECKOUT OPTIONS:
  BothamNetworking:
    :commit: fac1272120702c2f03c6819aa7d58ec61b2ba7c3
    :git: https://github.com/Karumi/BothamNetworking.git

SPEC CHECKSUMS:
  BothamNetworking: 948b14f9415be90bbf5bff0e4df743924ca02fd0
  Nimble: 5e94a8cacb355943c6c87198035dc4adbb0f10e4
  Nocilla: 7af7a386071150cc8aa5da4da97d060f049dd61c
  Result: bd966fac789cc6c1563440b348ab2598cc24d5c7

PODFILE CHECKSUM: 72a821db2faa8a0256013ee1eeddec204671c792

COCOAPODS: 1.5.3
