PODS:
  - BothamNetworking (5.0.0)
  - Nimble (8.0.4)
  - OHHTTPStubs/Core (8.0.0)
  - OHHTTPStubs/Default (8.0.0):
    - OHHTTPStubs/Core
    - OHHTTPStubs/JSON
    - OHHTTPStubs/NSURLSession
    - OHHTTPStubs/OHPathHelpers
  - OHHTTPStubs/JSON (8.0.0):
    - OHHTTPStubs/Core
  - OHHTTPStubs/NSURLSession (8.0.0):
    - OHHTTPStubs/Core
  - OHHTTPStubs/OHPathHelpers (8.0.0)
  - OHHTTPStubs/Swift (8.0.0):
    - OHHTTPStubs/Default

DEPENDENCIES:
  - BothamNetworking (from `https://github.com/Karumi/BothamNetworking.git`, branch `swift5`)
  - Nimble
  - OHHTTPStubs/Swift

SPEC REPOS:
  trunk:
    - Nimble
    - OHHTTPStubs

EXTERNAL SOURCES:
  BothamNetworking:
    :branch: swift5
    :git: https://github.com/Karumi/BothamNetworking.git

CHECKOUT OPTIONS:
  BothamNetworking:
    :commit: 2822bf6f847e8f61011e4f58d8b5cda367a629cb
    :git: https://github.com/Karumi/BothamNetworking.git

SPEC CHECKSUMS:
  BothamNetworking: 802c0d82586f4fa6b69d4ef05edf2a8faabd4776
  Nimble: 18d5360282923225d62b09d781f63abc1a0111fc
  OHHTTPStubs: 9cbce6364bec557cc3439aa6bb7514670d780881

PODFILE CHECKSUM: 48d67c0858a243671ee04f3a296b85396943fcef

COCOAPODS: 1.8.1
